
Microsoft Visual Studio Solution File, Format Version 12.00
# Visual Studio Version 17
VisualStudioVersion = 17.2.32516.85
MinimumVisualStudioVersion = 10.0.40219.1
Project("{9A19103F-16F7-4668-BE54-9A1E7A4F7556}") = "EntityFramework-codefirst", "EntityFramework-codefirst.csproj", "{1C9B27EE-54C6-43C2-B8FE-ACA6C8EB227B}"
EndProject
Project("{FAE04EC0-301F-11D3-BF4B-00C04F79EFBC}") = "TestAgendas", "..\TestAgendas\TestAgendas.csproj", "{580A8943-DE84-49DC-9FCD-A133F4BCC85A}"
EndProject
Global
	GlobalSection(SolutionConfigurationPlatforms) = preSolution
		Debug|Any CPU = Debug|Any CPU
		Release|Any CPU = Release|Any CPU
	EndGlobalSection
	GlobalSection(ProjectConfigurationPlatforms) = postSolution
		{1C9B27EE-54C6-43C2-B8FE-ACA6C8EB227B}.Debug|Any CPU.ActiveCfg = Debug|Any CPU
		{1C9B27EE-54C6-43C2-B8FE-ACA6C8EB227B}.Debug|Any CPU.Build.0 = Debug|Any CPU
		{1C9B27EE-54C6-43C2-B8FE-ACA6C8EB227B}.Release|Any CPU.ActiveCfg = Release|Any CPU
		{1C9B27EE-54C6-43C2-B8FE-ACA6C8EB227B}.Release|Any CPU.Build.0 = Release|Any CPU
		{580A8943-DE84-49DC-9FCD-A133F4BCC85A}.Debug|Any CPU.ActiveCfg = Debug|Any CPU
		{580A8943-DE84-49DC-9FCD-A133F4BCC85A}.Debug|Any CPU.Build.0 = Debug|Any CPU
		{580A8943-DE84-49DC-9FCD-A133F4BCC85A}.Release|Any CPU.ActiveCfg = Release|Any CPU
		{580A8943-DE84-49DC-9FCD-A133F4BCC85A}.Release|Any CPU.Build.0 = Release|Any CPU
	EndGlobalSection
	GlobalSection(SolutionProperties) = preSolution
		HideSolutionNode = FALSE
	EndGlobalSection
	GlobalSection(ExtensibilityGlobals) = postSolution
		SolutionGuid = {B0FA1F2C-737C-4310-8466-D31C78B4D88B}
	EndGlobalSection
EndGlobal
